// !$*UTF8*$!
{
	archiveVersion = 1;
	classes = {
	};
	objectVersion = 50;
	objects = {

/* Begin PBXBuildFile section */
		2377B7C225B3D4B5002528B4 /* AppDelegate.swift in Sources */ = {isa = PBXBuildFile; fileRef = 2377B7C125B3D4B5002528B4 /* AppDelegate.swift */; };
		2377B7C425B3D4B5002528B4 /* ContentView.swift in Sources */ = {isa = PBXBuildFile; fileRef = 2377B7C325B3D4B5002528B4 /* ContentView.swift */; };
		2377B7C625B3D4B7002528B4 /* Assets.xcassets in Resources */ = {isa = PBXBuildFile; fileRef = 2377B7C525B3D4B7002528B4 /* Assets.xcassets */; };
		2377B7C925B3D4B7002528B4 /* Preview Assets.xcassets in Resources */ = {isa = PBXBuildFile; fileRef = 2377B7C825B3D4B7002528B4 /* Preview Assets.xcassets */; };
		2377B7CC25B3D4B7002528B4 /* Main.storyboard in Resources */ = {isa = PBXBuildFile; fileRef = 2377B7CA25B3D4B7002528B4 /* Main.storyboard */; };
		23E5496D25B460C300890864 /* CountDownManager.swift in Sources */ = {isa = PBXBuildFile; fileRef = 23E5496C25B460C300890864 /* CountDownManager.swift */; };
		23E5497025B4A0E400890864 /* ClockView.swift in Sources */ = {isa = PBXBuildFile; fileRef = 23E5496F25B4A0E400890864 /* ClockView.swift */; };
		23E5497425B4A59600890864 /* PomodoroView.swift in Sources */ = {isa = PBXBuildFile; fileRef = 23E5497325B4A59600890864 /* PomodoroView.swift */; };
/* End PBXBuildFile section */

/* Begin PBXFileReference section */
		2377B7BE25B3D4B5002528B4 /* myClockApp.app */ = {isa = PBXFileReference; explicitFileType = wrapper.application; includeInIndex = 0; path = myClockApp.app; sourceTree = BUILT_PRODUCTS_DIR; };
		2377B7C125B3D4B5002528B4 /* AppDelegate.swift */ = {isa = PBXFileReference; lastKnownFileType = sourcecode.swift; path = AppDelegate.swift; sourceTree = "<group>"; };
		2377B7C325B3D4B5002528B4 /* ContentView.swift */ = {isa = PBXFileReference; lastKnownFileType = sourcecode.swift; path = ContentView.swift; sourceTree = "<group>"; };
		2377B7C525B3D4B7002528B4 /* Assets.xcassets */ = {isa = PBXFileReference; lastKnownFileType = folder.assetcatalog; path = Assets.xcassets; sourceTree = "<group>"; };
		2377B7C825B3D4B7002528B4 /* Preview Assets.xcassets */ = {isa = PBXFileReference; lastKnownFileType = folder.assetcatalog; path = "Preview Assets.xcassets"; sourceTree = "<group>"; };
		2377B7CB25B3D4B7002528B4 /* Base */ = {isa = PBXFileReference; lastKnownFileType = file.storyboard; name = Base; path = Base.lproj/Main.storyboard; sourceTree = "<group>"; };
		2377B7CD25B3D4B7002528B4 /* Info.plist */ = {isa = PBXFileReference; lastKnownFileType = text.plist.xml; path = Info.plist; sourceTree = "<group>"; };
		2377B7CE25B3D4B7002528B4 /* myClockApp.entitlements */ = {isa = PBXFileReference; lastKnownFileType = text.plist.entitlements; path = myClockApp.entitlements; sourceTree = "<group>"; };
		23E5496C25B460C300890864 /* CountDownManager.swift */ = {isa = PBXFileReference; lastKnownFileType = sourcecode.swift; path = CountDownManager.swift; sourceTree = "<group>"; };
		23E5496F25B4A0E400890864 /* ClockView.swift */ = {isa = PBXFileReference; lastKnownFileType = sourcecode.swift; path = ClockView.swift; sourceTree = "<group>"; };
		23E5497325B4A59600890864 /* PomodoroView.swift */ = {isa = PBXFileReference; lastKnownFileType = sourcecode.swift; path = PomodoroView.swift; sourceTree = "<group>"; };
/* End PBXFileReference section */

/* Begin PBXFrameworksBuildPhase section */
		2377B7BB25B3D4B5002528B4 /* Frameworks */ = {
			isa = PBXFrameworksBuildPhase;
			buildActionMask = 2147483647;
			files = (
			);
			runOnlyForDeploymentPostprocessing = 0;
		};
/* End PBXFrameworksBuildPhase section */

/* Begin PBXGroup section */
		2377B7B525B3D4B5002528B4 = {
			isa = PBXGroup;
			children = (
				2377B7C025B3D4B5002528B4 /* myClockApp */,
				2377B7BF25B3D4B5002528B4 /* Products */,
			);
			sourceTree = "<group>";
		};
		2377B7BF25B3D4B5002528B4 /* Products */ = {
			isa = PBXGroup;
			children = (
				2377B7BE25B3D4B5002528B4 /* myClockApp.app */,
			);
			name = Products;
			sourceTree = "<group>";
		};
		2377B7C025B3D4B5002528B4 /* myClockApp */ = {
			isa = PBXGroup;
			children = (
				2377B7C125B3D4B5002528B4 /* AppDelegate.swift */,
				2377B7C325B3D4B5002528B4 /* ContentView.swift */,
				23E5497325B4A59600890864 /* PomodoroView.swift */,
				23E5496F25B4A0E400890864 /* ClockView.swift */,
				23E5496C25B460C300890864 /* CountDownManager.swift */,
				2377B7C525B3D4B7002528B4 /* Assets.xcassets */,
				2377B7CA25B3D4B7002528B4 /* Main.storyboard */,
				2377B7CD25B3D4B7002528B4 /* Info.plist */,
				2377B7CE25B3D4B7002528B4 /* myClockApp.entitlements */,
				2377B7C725B3D4B7002528B4 /* Preview Content */,
			);
			path = myClockApp;
			sourceTree = "<group>";
		};
		2377B7C725B3D4B7002528B4 /* Preview Content */ = {
			isa = PBXGroup;
			children = (
				2377B7C825B3D4B7002528B4 /* Preview Assets.xcassets */,
			);
			path = "Preview Content";
			sourceTree = "<group>";
		};
/* End PBXGroup section */

/* Begin PBXNativeTarget section */
		2377B7BD25B3D4B5002528B4 /* myClockApp */ = {
			isa = PBXNativeTarget;
			buildConfigurationList = 2377B7D125B3D4B7002528B4 /* Build configuration list for PBXNativeTarget "myClockApp" */;
			buildPhases = (
				2377B7BA25B3D4B5002528B4 /* Sources */,
				2377B7BB25B3D4B5002528B4 /* Frameworks */,
				2377B7BC25B3D4B5002528B4 /* Resources */,
			);
			buildRules = (
			);
			dependencies = (
			);
			name = myClockApp;
			productName = myClockApp;
			productReference = 2377B7BE25B3D4B5002528B4 /* myClockApp.app */;
			productType = "com.apple.product-type.application";
		};
/* End PBXNativeTarget section */

/* Begin PBXProject section */
		2377B7B625B3D4B5002528B4 /* Project object */ = {
			isa = PBXProject;
			attributes = {
				LastSwiftUpdateCheck = 1230;
				LastUpgradeCheck = 1230;
				TargetAttributes = {
					2377B7BD25B3D4B5002528B4 = {
						CreatedOnToolsVersion = 12.3;
					};
				};
			};
			buildConfigurationList = 2377B7B925B3D4B5002528B4 /* Build configuration list for PBXProject "myClockApp" */;
			compatibilityVersion = "Xcode 9.3";
			developmentRegion = en;
			hasScannedForEncodings = 0;
			knownRegions = (
				en,
				Base,
			);
			mainGroup = 2377B7B525B3D4B5002528B4;
			productRefGroup = 2377B7BF25B3D4B5002528B4 /* Products */;
			projectDirPath = "";
			projectRoot = "";
			targets = (
				2377B7BD25B3D4B5002528B4 /* myClockApp */,
			);
		};
/* End PBXProject section */

/* Begin PBXResourcesBuildPhase section */
		2377B7BC25B3D4B5002528B4 /* Resources */ = {
			isa = PBXResourcesBuildPhase;
			buildActionMask = 2147483647;
			files = (
				2377B7CC25B3D4B7002528B4 /* Main.storyboard in Resources */,
				2377B7C925B3D4B7002528B4 /* Preview Assets.xcassets in Resources */,
				2377B7C625B3D4B7002528B4 /* Assets.xcassets in Resources */,
			);
			runOnlyForDeploymentPostprocessing = 0;
		};
/* End PBXResourcesBuildPhase section */

/* Begin PBXSourcesBuildPhase section */
		2377B7BA25B3D4B5002528B4 /* Sources */ = {
			isa = PBXSourcesBuildPhase;
			buildActionMask = 2147483647;
			files = (
				23E5497425B4A59600890864 /* PomodoroView.swift in Sources */,
				2377B7C425B3D4B5002528B4 /* ContentView.swift in Sources */,
				23E5496D25B460C300890864 /* CountDownManager.swift in Sources */,
				23E5497025B4A0E400890864 /* ClockView.swift in Sources */,
				2377B7C225B3D4B5002528B4 /* AppDelegate.swift in Sources */,
			);
			runOnlyForDeploymentPostprocessing = 0;
		};
/* End PBXSourcesBuildPhase section */

/* Begin PBXVariantGroup section */
		2377B7CA25B3D4B7002528B4 /* Main.storyboard */ = {
			isa = PBXVariantGroup;
			children = (
				2377B7CB25B3D4B7002528B4 /* Base */,
			);
			name = Main.storyboard;
			sourceTree = "<group>";
		};
/* End PBXVariantGroup section */

/* Begin XCBuildConfiguration section */
		2377B7CF25B3D4B7002528B4 /* Debug */ = {
			isa = XCBuildConfiguration;
			buildSettings = {
				ALWAYS_SEARCH_USER_PATHS = NO;
				CLANG_ANALYZER_NONNULL = YES;
				CLANG_ANALYZER_NUMBER_OBJECT_CONVERSION = YES_AGGRESSIVE;
				CLANG_CXX_LANGUAGE_STANDARD = "gnu++14";
				CLANG_CXX_LIBRARY = "libc++";
				CLANG_ENABLE_MODULES = YES;
				CLANG_ENABLE_OBJC_ARC = YES;
				CLANG_ENABLE_OBJC_WEAK = YES;
				CLANG_WARN_BLOCK_CAPTURE_AUTORELEASING = YES;
				CLANG_WARN_BOOL_CONVERSION = YES;
				CLANG_WARN_COMMA = YES;
				CLANG_WARN_CONSTANT_CONVERSION = YES;
				CLANG_WARN_DEPRECATED_OBJC_IMPLEMENTATIONS = YES;
				CLANG_WARN_DIRECT_OBJC_ISA_USAGE = YES_ERROR;
				CLANG_WARN_DOCUMENTATION_COMMENTS = YES;
				CLANG_WARN_EMPTY_BODY = YES;
				CLANG_WARN_ENUM_CONVERSION = YES;
				CLANG_WARN_INFINITE_RECURSION = YES;
				CLANG_WARN_INT_CONVERSION = YES;
				CLANG_WARN_NON_LITERAL_NULL_CONVERSION = YES;
				CLANG_WARN_OBJC_IMPLICIT_RETAIN_SELF = YES;
				CLANG_WARN_OBJC_LITERAL_CONVERSION = YES;
				CLANG_WARN_OBJC_ROOT_CLASS = YES_ERROR;
				CLANG_WARN_QUOTED_INCLUDE_IN_FRAMEWORK_HEADER = YES;
				CLANG_WARN_RANGE_LOOP_ANALYSIS = YES;
				CLANG_WARN_STRICT_PROTOTYPES = YES;
				CLANG_WARN_SUSPICIOUS_MOVE = YES;
				CLANG_WARN_UNGUARDED_AVAILABILITY = YES_AGGRESSIVE;
				CLANG_WARN_UNREACHABLE_CODE = YES;
				CLANG_WARN__DUPLICATE_METHOD_MATCH = YES;
				COPY_PHASE_STRIP = NO;
				DEBUG_INFORMATION_FORMAT = dwarf;
				ENABLE_STRICT_OBJC_MSGSEND = YES;
				ENABLE_TESTABILITY = YES;
				GCC_C_LANGUAGE_STANDARD = gnu11;
				GCC_DYNAMIC_NO_PIC = NO;
				GCC_NO_COMMON_BLOCKS = YES;
				GCC_OPTIMIZATION_LEVEL = 0;
				GCC_PREPROCESSOR_DEFINITIONS = (
					"DEBUG=1",
					"$(inherited)",
				);
				GCC_WARN_64_TO_32_BIT_CONVERSION = YES;
				GCC_WARN_ABOUT_RETURN_TYPE = YES_ERROR;
				GCC_WARN_UNDECLARED_SELECTOR = YES;
				GCC_WARN_UNINITIALIZED_AUTOS = YES_AGGRESSIVE;
				GCC_WARN_UNUSED_FUNCTION = YES;
				GCC_WARN_UNUSED_VARIABLE = YES;
				MACOSX_DEPLOYMENT_TARGET = 11.1;
				MTL_ENABLE_DEBUG_INFO = INCLUDE_SOURCE;
				MTL_FAST_MATH = YES;
				ONLY_ACTIVE_ARCH = YES;
				SDKROOT = macosx;
				SWIFT_ACTIVE_COMPILATION_CONDITIONS = DEBUG;
				SWIFT_OPTIMIZATION_LEVEL = "-Onone";
			};
			name = Debug;
		};
		2377B7D025B3D4B7002528B4 /* Release */ = {
			isa = XCBuildConfiguration;
			buildSettings = {
				ALWAYS_SEARCH_USER_PATHS = NO;
				CLANG_ANALYZER_NONNULL = YES;
				CLANG_ANALYZER_NUMBER_OBJECT_CONVERSION = YES_AGGRESSIVE;
				CLANG_CXX_LANGUAGE_STANDARD = "gnu++14";
				CLANG_CXX_LIBRARY = "libc++";
				CLANG_ENABLE_MODULES = YES;
				CLANG_ENABLE_OBJC_ARC = YES;
				CLANG_ENABLE_OBJC_WEAK = YES;
				CLANG_WARN_BLOCK_CAPTURE_AUTORELEASING = YES;
				CLANG_WARN_BOOL_CONVERSION = YES;
				CLANG_WARN_COMMA = YES;
				CLANG_WARN_CONSTANT_CONVERSION = YES;
				CLANG_WARN_DEPRECATED_OBJC_IMPLEMENTATIONS = YES;
				CLANG_WARN_DIRECT_OBJC_ISA_USAGE = YES_ERROR;
				CLANG_WARN_DOCUMENTATION_COMMENTS = YES;
				CLANG_WARN_EMPTY_BODY = YES;
				CLANG_WARN_ENUM_CONVERSION = YES;
				CLANG_WARN_INFINITE_RECURSION = YES;
				CLANG_WARN_INT_CONVERSION = YES;
				CLANG_WARN_NON_LITERAL_NULL_CONVERSION = YES;
				CLANG_WARN_OBJC_IMPLICIT_RETAIN_SELF = YES;
				CLANG_WARN_OBJC_LITERAL_CONVERSION = YES;
				CLANG_WARN_OBJC_ROOT_CLASS = YES_ERROR;
				CLANG_WARN_QUOTED_INCLUDE_IN_FRAMEWORK_HEADER = YES;
				CLANG_WARN_RANGE_LOOP_ANALYSIS = YES;
				CLANG_WARN_STRICT_PROTOTYPES = YES;
				CLANG_WARN_SUSPICIOUS_MOVE = YES;
				CLANG_WARN_UNGUARDED_AVAILABILITY = YES_AGGRESSIVE;
				CLANG_WARN_UNREACHABLE_CODE = YES;
				CLANG_WARN__DUPLICATE_METHOD_MATCH = YES;
				COPY_PHASE_STRIP = NO;
				DEBUG_INFORMATION_FORMAT = "dwarf-with-dsym";
				ENABLE_NS_ASSERTIONS = NO;
				ENABLE_STRICT_OBJC_MSGSEND = YES;
				GCC_C_LANGUAGE_STANDARD = gnu11;
				GCC_NO_COMMON_BLOCKS = YES;
				GCC_WARN_64_TO_32_BIT_CONVERSION = YES;
				GCC_WARN_ABOUT_RETURN_TYPE = YES_ERROR;
				GCC_WARN_UNDECLARED_SELECTOR = YES;
				GCC_WARN_UNINITIALIZED_AUTOS = YES_AGGRESSIVE;
				GCC_WARN_UNUSED_FUNCTION = YES;
				GCC_WARN_UNUSED_VARIABLE = YES;
				MACOSX_DEPLOYMENT_TARGET = 11.1;
				MTL_ENABLE_DEBUG_INFO = NO;
				MTL_FAST_MATH = YES;
				SDKROOT = macosx;
				SWIFT_COMPILATION_MODE = wholemodule;
				SWIFT_OPTIMIZATION_LEVEL = "-O";
			};
			name = Release;
		};
		2377B7D225B3D4B7002528B4 /* Debug */ = {
			isa = XCBuildConfiguration;
			buildSettings = {
				ASSETCATALOG_COMPILER_APPICON_NAME = AppIcon;
				ASSETCATALOG_COMPILER_GLOBAL_ACCENT_COLOR_NAME = AccentColor;
				CODE_SIGN_ENTITLEMENTS = myClockApp/myClockApp.entitlements;
				CODE_SIGN_STYLE = Automatic;
				COMBINE_HIDPI_IMAGES = YES;
				DEVELOPMENT_ASSET_PATHS = "\"myClockApp/Preview Content\"";
				DEVELOPMENT_TEAM = 49MW8Y2HHB;
				ENABLE_HARDENED_RUNTIME = YES;
				ENABLE_PREVIEWS = YES;
				INFOPLIST_FILE = myClockApp/Info.plist;
				LD_RUNPATH_SEARCH_PATHS = (
					"$(inherited)",
					"@executable_path/../Frameworks",
				);
				MACOSX_DEPLOYMENT_TARGET = 10.15;
				PRODUCT_BUNDLE_IDENTIFIER = com.Roku3.myClockApp;
				PRODUCT_NAME = "$(TARGET_NAME)";
				SWIFT_VERSION = 5.0;
			};
			name = Debug;
		};
		2377B7D325B3D4B7002528B4 /* Release */ = {
			isa = XCBuildConfiguration;
			buildSettings = {
				ASSETCATALOG_COMPILER_APPICON_NAME = AppIcon;
				ASSETCATALOG_COMPILER_GLOBAL_ACCENT_COLOR_NAME = AccentColor;
				CODE_SIGN_ENTITLEMENTS = myClockApp/myClockApp.entitlements;
				CODE_SIGN_STYLE = Automatic;
				COMBINE_HIDPI_IMAGES = YES;
				DEVELOPMENT_ASSET_PATHS = "\"myClockApp/Preview Content\"";
				DEVELOPMENT_TEAM = 49MW8Y2HHB;
				ENABLE_HARDENED_RUNTIME = YES;
				ENABLE_PREVIEWS = YES;
				INFOPLIST_FILE = myClockApp/Info.plist;
				LD_RUNPATH_SEARCH_PATHS = (
					"$(inherited)",
					"@executable_path/../Frameworks",
				);
				MACOSX_DEPLOYMENT_TARGET = 10.15;
				PRODUCT_BUNDLE_IDENTIFIER = com.Roku3.myClockApp;
				PRODUCT_NAME = "$(TARGET_NAME)";
				SWIFT_VERSION = 5.0;
			};
			name = Release;
		};
/* End XCBuildConfiguration section */

/* Begin XCConfigurationList section */
		2377B7B925B3D4B5002528B4 /* Build configuration list for PBXProject "myClockApp" */ = {
			isa = XCConfigurationList;
			buildConfigurations = (
				2377B7CF25B3D4B7002528B4 /* Debug */,
				2377B7D025B3D4B7002528B4 /* Release */,
			);
			defaultConfigurationIsVisible = 0;
			defaultConfigurationName = Release;
		};
		2377B7D125B3D4B7002528B4 /* Build configuration list for PBXNativeTarget "myClockApp" */ = {
			isa = XCConfigurationList;
			buildConfigurations = (
				2377B7D225B3D4B7002528B4 /* Debug */,
				2377B7D325B3D4B7002528B4 /* Release */,
			);
			defaultConfigurationIsVisible = 0;
			defaultConfigurationName = Release;
		};
/* End XCConfigurationList section */
	};
	rootObject = 2377B7B625B3D4B5002528B4 /* Project object */;
}
